
Microsoft Visual Studio Solution File, Format Version 11.00
# Visual Studio 2010
Project("{FAE04EC0-301F-11D3-BF4B-00C04F79EFBC}") = "SignalR_Demo", "SignalR_Demo\SignalR_Demo.csproj", "{9F118028-9F6E-4406-90D2-86342FFB2066}"
EndProject
Project("{2150E333-8FDC-42A3-9474-1A3956D46DE8}") = "Library", "Library", "{251786FA-A748-4017-9C08-8061A5E8F216}"
	ProjectSection(SolutionItems) = preProject
		Library\Elmah.dll = Library\Elmah.dll
		Library\Ninject.dll = Library\Ninject.dll
		Library\SignalR.dll = Library\SignalR.dll
		Library\SignalR.Ninject.dll = Library\SignalR.Ninject.dll
		Library\WebActivator.dll = Library\WebActivator.dll
	EndProjectSection
EndProject
Global
	GlobalSection(SolutionConfigurationPlatforms) = preSolution
		Debug|Any CPU = Debug|Any CPU
		Release|Any CPU = Release|Any CPU
	EndGlobalSection
	GlobalSection(ProjectConfigurationPlatforms) = postSolution
		{9F118028-9F6E-4406-90D2-86342FFB2066}.Debug|Any CPU.ActiveCfg = Debug|Any CPU
		{9F118028-9F6E-4406-90D2-86342FFB2066}.Debug|Any CPU.Build.0 = Debug|Any CPU
		{9F118028-9F6E-4406-90D2-86342FFB2066}.Release|Any CPU.ActiveCfg = Release|Any CPU
		{9F118028-9F6E-4406-90D2-86342FFB2066}.Release|Any CPU.Build.0 = Release|Any CPU
	EndGlobalSection
	GlobalSection(SolutionProperties) = preSolution
		HideSolutionNode = FALSE
	EndGlobalSection
EndGlobal
